// !$*UTF8*$!
{
	archiveVersion = 1;
	classes = {
	};
	objectVersion = 46;
	objects = {

/* Begin PBXBuildFile section */
		7AEF05B91F6AEF5F0003A4B2 /* AppDelegate.swift in Sources */ = {isa = PBXBuildFile; fileRef = 7AEF05B81F6AEF5F0003A4B2 /* AppDelegate.swift */; };
		7AEF05BB1F6AEF5F0003A4B2 /* ViewController.swift in Sources */ = {isa = PBXBuildFile; fileRef = 7AEF05BA1F6AEF5F0003A4B2 /* ViewController.swift */; };
		7AEF05BE1F6AEF5F0003A4B2 /* Main.storyboard in Resources */ = {isa = PBXBuildFile; fileRef = 7AEF05BC1F6AEF5F0003A4B2 /* Main.storyboard */; };
		7AEF05C01F6AEF5F0003A4B2 /* Assets.xcassets in Resources */ = {isa = PBXBuildFile; fileRef = 7AEF05BF1F6AEF5F0003A4B2 /* Assets.xcassets */; };
		7AEF05C31F6AEF5F0003A4B2 /* LaunchScreen.storyboard in Resources */ = {isa = PBXBuildFile; fileRef = 7AEF05C11F6AEF5F0003A4B2 /* LaunchScreen.storyboard */; };
/* End PBXBuildFile section */

/* Begin PBXFileReference section */
		7AEF05B51F6AEF5F0003A4B2 /* GoogleMapSample.app */ = {isa = PBXFileReference; explicitFileType = wrapper.application; includeInIndex = 0; path = GoogleMapSample.app; sourceTree = BUILT_PRODUCTS_DIR; };
		7AEF05B81F6AEF5F0003A4B2 /* AppDelegate.swift */ = {isa = PBXFileReference; lastKnownFileType = sourcecode.swift; path = AppDelegate.swift; sourceTree = "<group>"; };
		7AEF05BA1F6AEF5F0003A4B2 /* ViewController.swift */ = {isa = PBXFileReference; lastKnownFileType = sourcecode.swift; path = ViewController.swift; sourceTree = "<group>"; };
		7AEF05BD1F6AEF5F0003A4B2 /* Base */ = {isa = PBXFileReference; lastKnownFileType = file.storyboard; name = Base; path = Base.lproj/Main.storyboard; sourceTree = "<group>"; };
		7AEF05BF1F6AEF5F0003A4B2 /* Assets.xcassets */ = {isa = PBXFileReference; lastKnownFileType = folder.assetcatalog; path = Assets.xcassets; sourceTree = "<group>"; };
		7AEF05C21F6AEF5F0003A4B2 /* Base */ = {isa = PBXFileReference; lastKnownFileType = file.storyboard; name = Base; path = Base.lproj/LaunchScreen.storyboard; sourceTree = "<group>"; };
		7AEF05C41F6AEF5F0003A4B2 /* Info.plist */ = {isa = PBXFileReference; lastKnownFileType = text.plist.xml; path = Info.plist; sourceTree = "<group>"; };
/* End PBXFileReference section */

/* Begin PBXFrameworksBuildPhase section */
		7AEF05B21F6AEF5F0003A4B2 /* Frameworks */ = {
			isa = PBXFrameworksBuildPhase;
			buildActionMask = 2147483647;
			files = (
			);
			runOnlyForDeploymentPostprocessing = 0;
		};
/* End PBXFrameworksBuildPhase section */

/* Begin PBXGroup section */
		7AEF05AC1F6AEF5F0003A4B2 = {
			isa = PBXGroup;
			children = (
				7AEF05B71F6AEF5F0003A4B2 /* GoogleMapSample */,
				7AEF05B61F6AEF5F0003A4B2 /* Products */,
			);
			sourceTree = "<group>";
		};
		7AEF05B61F6AEF5F0003A4B2 /* Products */ = {
			isa = PBXGroup;
			children = (
				7AEF05B51F6AEF5F0003A4B2 /* GoogleMapSample.app */,
			);
			name = Products;
			sourceTree = "<group>";
		};
		7AEF05B71F6AEF5F0003A4B2 /* GoogleMapSample */ = {
			isa = PBXGroup;
			children = (
				7AEF05B81F6AEF5F0003A4B2 /* AppDelegate.swift */,
				7AEF05BA1F6AEF5F0003A4B2 /* ViewController.swift */,
				7AEF05BC1F6AEF5F0003A4B2 /* Main.storyboard */,
				7AEF05BF1F6AEF5F0003A4B2 /* Assets.xcassets */,
				7AEF05C11F6AEF5F0003A4B2 /* LaunchScreen.storyboard */,
				7AEF05C41F6AEF5F0003A4B2 /* Info.plist */,
			);
			path = GoogleMapSample;
			sourceTree = "<group>";
		};
/* End PBXGroup section */

/* Begin PBXNativeTarget section */
		7AEF05B41F6AEF5F0003A4B2 /* GoogleMapSample */ = {
			isa = PBXNativeTarget;
			buildConfigurationList = 7AEF05C71F6AEF5F0003A4B2 /* Build configuration list for PBXNativeTarget "GoogleMapSample" */;
			buildPhases = (
				7AEF05B11F6AEF5F0003A4B2 /* Sources */,
				7AEF05B21F6AEF5F0003A4B2 /* Frameworks */,
				7AEF05B31F6AEF5F0003A4B2 /* Resources */,
			);
			buildRules = (
			);
			dependencies = (
			);
			name = GoogleMapSample;
			productName = GoogleMapSample;
			productReference = 7AEF05B51F6AEF5F0003A4B2 /* GoogleMapSample.app */;
			productType = "com.apple.product-type.application";
		};
/* End PBXNativeTarget section */

/* Begin PBXProject section */
		7AEF05AD1F6AEF5F0003A4B2 /* Project object */ = {
			isa = PBXProject;
			attributes = {
				LastSwiftUpdateCheck = 0830;
				LastUpgradeCheck = 0830;
				ORGANIZATIONNAME = "Ylab, Inc.";
				TargetAttributes = {
					7AEF05B41F6AEF5F0003A4B2 = {
						CreatedOnToolsVersion = 8.3.3;
						ProvisioningStyle = Automatic;
					};
				};
			};
			buildConfigurationList = 7AEF05B01F6AEF5F0003A4B2 /* Build configuration list for PBXProject "GoogleMapSample" */;
			compatibilityVersion = "Xcode 3.2";
			developmentRegion = English;
			hasScannedForEncodings = 0;
			knownRegions = (
				en,
				Base,
			);
			mainGroup = 7AEF05AC1F6AEF5F0003A4B2;
			productRefGroup = 7AEF05B61F6AEF5F0003A4B2 /* Products */;
			projectDirPath = "";
			projectRoot = "";
			targets = (
				7AEF05B41F6AEF5F0003A4B2 /* GoogleMapSample */,
			);
		};
/* End PBXProject section */

/* Begin PBXResourcesBuildPhase section */
		7AEF05B31F6AEF5F0003A4B2 /* Resources */ = {
			isa = PBXResourcesBuildPhase;
			buildActionMask = 2147483647;
			files = (
				7AEF05C31F6AEF5F0003A4B2 /* LaunchScreen.storyboard in Resources */,
				7AEF05C01F6AEF5F0003A4B2 /* Assets.xcassets in Resources */,
				7AEF05BE1F6AEF5F0003A4B2 /* Main.storyboard in Resources */,
			);
			runOnlyForDeploymentPostprocessing = 0;
		};
/* End PBXResourcesBuildPhase section */

/* Begin PBXSourcesBuildPhase section */
		7AEF05B11F6AEF5F0003A4B2 /* Sources */ = {
			isa = PBXSourcesBuildPhase;
			buildActionMask = 2147483647;
			files = (
				7AEF05BB1F6AEF5F0003A4B2 /* ViewController.swift in Sources */,
				7AEF05B91F6AEF5F0003A4B2 /* AppDelegate.swift in Sources */,
			);
			runOnlyForDeploymentPostprocessing = 0;
		};
/* End PBXSourcesBuildPhase section */

/* Begin PBXVariantGroup section */
		7AEF05BC1F6AEF5F0003A4B2 /* Main.storyboard */ = {
			isa = PBXVariantGroup;
			children = (
				7AEF05BD1F6AEF5F0003A4B2 /* Base */,
			);
			name = Main.storyboard;
			sourceTree = "<group>";
		};
		7AEF05C11F6AEF5F0003A4B2 /* LaunchScreen.storyboard */ = {
			isa = PBXVariantGroup;
			children = (
				7AEF05C21F6AEF5F0003A4B2 /* Base */,
			);
			name = LaunchScreen.storyboard;
			sourceTree = "<group>";
		};
/* End PBXVariantGroup section */

/* Begin XCBuildConfiguration section */
		7AEF05C51F6AEF5F0003A4B2 /* Debug */ = {
			isa = XCBuildConfiguration;
			buildSettings = {
				ALWAYS_SEARCH_USER_PATHS = NO;
				CLANG_ANALYZER_NONNULL = YES;
				CLANG_ANALYZER_NUMBER_OBJECT_CONVERSION = YES_AGGRESSIVE;
				CLANG_CXX_LANGUAGE_STANDARD = "gnu++0x";
				CLANG_CXX_LIBRARY = "libc++";
				CLANG_ENABLE_MODULES = YES;
				CLANG_ENABLE_OBJC_ARC = YES;
				CLANG_WARN_BOOL_CONVERSION = YES;
				CLANG_WARN_CONSTANT_CONVERSION = YES;
				CLANG_WARN_DIRECT_OBJC_ISA_USAGE = YES_ERROR;
				CLANG_WARN_DOCUMENTATION_COMMENTS = YES;
				CLANG_WARN_EMPTY_BODY = YES;
				CLANG_WARN_ENUM_CONVERSION = YES;
				CLANG_WARN_INFINITE_RECURSION = YES;
				CLANG_WARN_INT_CONVERSION = YES;
				CLANG_WARN_OBJC_ROOT_CLASS = YES_ERROR;
				CLANG_WARN_SUSPICIOUS_MOVE = YES;
				CLANG_WARN_UNREACHABLE_CODE = YES;
				CLANG_WARN__DUPLICATE_METHOD_MATCH = YES;
				"CODE_SIGN_IDENTITY[sdk=iphoneos*]" = "iPhone Developer";
				COPY_PHASE_STRIP = NO;
				DEBUG_INFORMATION_FORMAT = dwarf;
				ENABLE_STRICT_OBJC_MSGSEND = YES;
				ENABLE_TESTABILITY = YES;
				GCC_C_LANGUAGE_STANDARD = gnu99;
				GCC_DYNAMIC_NO_PIC = NO;
				GCC_NO_COMMON_BLOCKS = YES;
				GCC_OPTIMIZATION_LEVEL = 0;
				GCC_PREPROCESSOR_DEFINITIONS = (
					"DEBUG=1",
					"$(inherited)",
				);
				GCC_WARN_64_TO_32_BIT_CONVERSION = YES;
				GCC_WARN_ABOUT_RETURN_TYPE = YES_ERROR;
				GCC_WARN_UNDECLARED_SELECTOR = YES;
				GCC_WARN_UNINITIALIZED_AUTOS = YES_AGGRESSIVE;
				GCC_WARN_UNUSED_FUNCTION = YES;
				GCC_WARN_UNUSED_VARIABLE = YES;
				IPHONEOS_DEPLOYMENT_TARGET = 10.3;
				MTL_ENABLE_DEBUG_INFO = YES;
				ONLY_ACTIVE_ARCH = YES;
				SDKROOT = iphoneos;
				SWIFT_ACTIVE_COMPILATION_CONDITIONS = DEBUG;
				SWIFT_OPTIMIZATION_LEVEL = "-Onone";
			};
			name = Debug;
		};
		7AEF05C61F6AEF5F0003A4B2 /* Release */ = {
			isa = XCBuildConfiguration;
			buildSettings = {
				ALWAYS_SEARCH_USER_PATHS = NO;
				CLANG_ANALYZER_NONNULL = YES;
				CLANG_ANALYZER_NUMBER_OBJECT_CONVERSION = YES_AGGRESSIVE;
				CLANG_CXX_LANGUAGE_STANDARD = "gnu++0x";
				CLANG_CXX_LIBRARY = "libc++";
				CLANG_ENABLE_MODULES = YES;
				CLANG_ENABLE_OBJC_ARC = YES;
				CLANG_WARN_BOOL_CONVERSION = YES;
				CLANG_WARN_CONSTANT_CONVERSION = YES;
				CLANG_WARN_DIRECT_OBJC_ISA_USAGE = YES_ERROR;
				CLANG_WARN_DOCUMENTATION_COMMENTS = YES;
				CLANG_WARN_EMPTY_BODY = YES;
				CLANG_WARN_ENUM_CONVERSION = YES;
				CLANG_WARN_INFINITE_RECURSION = YES;
				CLANG_WARN_INT_CONVERSION = YES;
				CLANG_WARN_OBJC_ROOT_CLASS = YES_ERROR;
				CLANG_WARN_SUSPICIOUS_MOVE = YES;
				CLANG_WARN_UNREACHABLE_CODE = YES;
				CLANG_WARN__DUPLICATE_METHOD_MATCH = YES;
				"CODE_SIGN_IDENTITY[sdk=iphoneos*]" = "iPhone Developer";
				COPY_PHASE_STRIP = NO;
				DEBUG_INFORMATION_FORMAT = "dwarf-with-dsym";
				ENABLE_NS_ASSERTIONS = NO;
				ENABLE_STRICT_OBJC_MSGSEND = YES;
				GCC_C_LANGUAGE_STANDARD = gnu99;
				GCC_NO_COMMON_BLOCKS = YES;
				GCC_WARN_64_TO_32_BIT_CONVERSION = YES;
				GCC_WARN_ABOUT_RETURN_TYPE = YES_ERROR;
				GCC_WARN_UNDECLARED_SELECTOR = YES;
				GCC_WARN_UNINITIALIZED_AUTOS = YES_AGGRESSIVE;
				GCC_WARN_UNUSED_FUNCTION = YES;
				GCC_WARN_UNUSED_VARIABLE = YES;
				IPHONEOS_DEPLOYMENT_TARGET = 10.3;
				MTL_ENABLE_DEBUG_INFO = NO;
				SDKROOT = iphoneos;
				SWIFT_OPTIMIZATION_LEVEL = "-Owholemodule";
				VALIDATE_PRODUCT = YES;
			};
			name = Release;
		};
		7AEF05C81F6AEF5F0003A4B2 /* Debug */ = {
			isa = XCBuildConfiguration;
			buildSettings = {
				ASSETCATALOG_COMPILER_APPICON_NAME = AppIcon;
				INFOPLIST_FILE = GoogleMapSample/Info.plist;
				LD_RUNPATH_SEARCH_PATHS = "$(inherited) @executable_path/Frameworks";
				PRODUCT_BUNDLE_IDENTIFIER = jp.co.ylab.GoogleMapSample;
				PRODUCT_NAME = "$(TARGET_NAME)";
				SWIFT_VERSION = 3.0;
			};
			name = Debug;
		};
		7AEF05C91F6AEF5F0003A4B2 /* Release */ = {
			isa = XCBuildConfiguration;
			buildSettings = {
				ASSETCATALOG_COMPILER_APPICON_NAME = AppIcon;
				INFOPLIST_FILE = GoogleMapSample/Info.plist;
				LD_RUNPATH_SEARCH_PATHS = "$(inherited) @executable_path/Frameworks";
				PRODUCT_BUNDLE_IDENTIFIER = jp.co.ylab.GoogleMapSample;
				PRODUCT_NAME = "$(TARGET_NAME)";
				SWIFT_VERSION = 3.0;
			};
			name = Release;
		};
/* End XCBuildConfiguration section */

/* Begin XCConfigurationList section */
		7AEF05B01F6AEF5F0003A4B2 /* Build configuration list for PBXProject "GoogleMapSample" */ = {
			isa = XCConfigurationList;
			buildConfigurations = (
				7AEF05C51F6AEF5F0003A4B2 /* Debug */,
				7AEF05C61F6AEF5F0003A4B2 /* Release */,
			);
			defaultConfigurationIsVisible = 0;
			defaultConfigurationName = Release;
		};
		7AEF05C71F6AEF5F0003A4B2 /* Build configuration list for PBXNativeTarget "GoogleMapSample" */ = {
			isa = XCConfigurationList;
			buildConfigurations = (
				7AEF05C81F6AEF5F0003A4B2 /* Debug */,
				7AEF05C91F6AEF5F0003A4B2 /* Release */,
			);
			defaultConfigurationIsVisible = 0;
		};
/* End XCConfigurationList section */
	};
	rootObject = 7AEF05AD1F6AEF5F0003A4B2 /* Project object */;
}
